
Microsoft Visual Studio Solution File, Format Version 12.00
# Visual Studio 2013
VisualStudioVersion = 12.0.30723.0
MinimumVisualStudioVersion = 10.0.40219.1
Project("{8BC9CEB8-8B4A-11D0-8D11-00A0C91BC942}") = "FIO", "FIO\FIO.vcxproj", "{22D570B4-E428-4A5C-8415-346D7197D11F}"
EndProject
Global
	GlobalSection(SolutionConfigurationPlatforms) = preSolution
		Debug|Win32 = Debug|Win32
		Release|Win32 = Release|Win32
	EndGlobalSection
	GlobalSection(ProjectConfigurationPlatforms) = postSolution
		{22D570B4-E428-4A5C-8415-346D7197D11F}.Debug|Win32.ActiveCfg = Debug|Win32
		{22D570B4-E428-4A5C-8415-346D7197D11F}.Debug|Win32.Build.0 = Debug|Win32
		{22D570B4-E428-4A5C-8415-346D7197D11F}.Release|Win32.ActiveCfg = Release|Win32
		{22D570B4-E428-4A5C-8415-346D7197D11F}.Release|Win32.Build.0 = Release|Win32
	EndGlobalSection
	GlobalSection(SolutionProperties) = preSolution
		HideSolutionNode = FALSE
	EndGlobalSection
EndGlobal
